// !$*UTF8*$!
{
	archiveVersion = 1;
	classes = {
	};
	objectVersion = 56;
	objects = {

/* Begin PBXBuildFile section */
		28EFC96C2BF0B003003E5D8A /* DateModel.swift in Sources */ = {isa = PBXBuildFile; fileRef = 28EFC96B2BF0B003003E5D8A /* DateModel.swift */; };
		2981B0152BF5C2BD0064A2AC /* ListItemModel.xcdatamodeld in Sources */ = {isa = PBXBuildFile; fileRef = 2981B0132BF5C2BD0064A2AC /* ListItemModel.xcdatamodeld */; };
		2981B0172BF5C3340064A2AC /* DataController.swift in Sources */ = {isa = PBXBuildFile; fileRef = 2981B0162BF5C3340064A2AC /* DataController.swift */; };
		2981B0232BF5CC050064A2AC /* ListItem+CoreDataClass.swift in Sources */ = {isa = PBXBuildFile; fileRef = 2981B0212BF5CC050064A2AC /* ListItem+CoreDataClass.swift */; };
		2981B0242BF5CC050064A2AC /* ListItem+CoreDataProperties.swift in Sources */ = {isa = PBXBuildFile; fileRef = 2981B0222BF5CC050064A2AC /* ListItem+CoreDataProperties.swift */; };
		2981B0262BF5DF630064A2AC /* CoredataTest.swift in Sources */ = {isa = PBXBuildFile; fileRef = 2981B0252BF5DF630064A2AC /* CoredataTest.swift */; };
		541068312BE67DEB003FB50F /* ItemStatusView.swift in Sources */ = {isa = PBXBuildFile; fileRef = 541068302BE67DEB003FB50F /* ItemStatusView.swift */; };
		542E73B22BE9C902001BB72E /* RecipeManager.swift in Sources */ = {isa = PBXBuildFile; fileRef = 542E73B12BE9C902001BB72E /* RecipeManager.swift */; };
		5450BD962BF1F72100DD38CE /* RecipeData.swift in Sources */ = {isa = PBXBuildFile; fileRef = 5450BD952BF1F72100DD38CE /* RecipeData.swift */; };
		54A5B6CE2BD5E21000B1F728 /* ApplicationApp.swift in Sources */ = {isa = PBXBuildFile; fileRef = 54A5B6CD2BD5E21000B1F728 /* ApplicationApp.swift */; };
		54A5B6D22BD5E21100B1F728 /* Assets.xcassets in Resources */ = {isa = PBXBuildFile; fileRef = 54A5B6D12BD5E21100B1F728 /* Assets.xcassets */; };
		54BB69272BE08B5200B9FAF2 /* ItemRow.swift in Sources */ = {isa = PBXBuildFile; fileRef = 54BB69262BE08B5200B9FAF2 /* ItemRow.swift */; };
		54EA64BC2BDE0FBD00812325 /* MainView.swift in Sources */ = {isa = PBXBuildFile; fileRef = 54EA64BB2BDE0FBD00812325 /* MainView.swift */; };
		54EA64BE2BDE0FD600812325 /* MainViewModel.swift in Sources */ = {isa = PBXBuildFile; fileRef = 54EA64BD2BDE0FD600812325 /* MainViewModel.swift */; };
		54EA64C02BDE102F00812325 /* AddListView.swift in Sources */ = {isa = PBXBuildFile; fileRef = 54EA64BF2BDE102F00812325 /* AddListView.swift */; };
		54EA64C22BDE105B00812325 /* AddListViewModel.swift in Sources */ = {isa = PBXBuildFile; fileRef = 54EA64C12BDE105B00812325 /* AddListViewModel.swift */; };
		54EA64C42BDE1E6F00812325 /* ListItem.swift in Sources */ = {isa = PBXBuildFile; fileRef = 54EA64C32BDE1E6F00812325 /* ListItem.swift */; };
		54EA64C62BDE33E300812325 /* ModelData.swift in Sources */ = {isa = PBXBuildFile; fileRef = 54EA64C52BDE33E300812325 /* ModelData.swift */; };
		54EA64C82BDE374A00812325 /* ListItemData.json in Resources */ = {isa = PBXBuildFile; fileRef = 54EA64C72BDE374A00812325 /* ListItemData.json */; };
/* End PBXBuildFile section */

/* Begin PBXFileReference section */
		28EFC96B2BF0B003003E5D8A /* DateModel.swift */ = {isa = PBXFileReference; lastKnownFileType = sourcecode.swift; path = DateModel.swift; sourceTree = "<group>"; };
		2981B0142BF5C2BD0064A2AC /* ListItemModel.xcdatamodel */ = {isa = PBXFileReference; lastKnownFileType = wrapper.xcdatamodel; path = ListItemModel.xcdatamodel; sourceTree = "<group>"; };
		2981B0162BF5C3340064A2AC /* DataController.swift */ = {isa = PBXFileReference; lastKnownFileType = sourcecode.swift; path = DataController.swift; sourceTree = "<group>"; };
		2981B0212BF5CC050064A2AC /* ListItem+CoreDataClass.swift */ = {isa = PBXFileReference; lastKnownFileType = sourcecode.swift; path = "ListItem+CoreDataClass.swift"; sourceTree = "<group>"; };
		2981B0222BF5CC050064A2AC /* ListItem+CoreDataProperties.swift */ = {isa = PBXFileReference; lastKnownFileType = sourcecode.swift; path = "ListItem+CoreDataProperties.swift"; sourceTree = "<group>"; };
		2981B0252BF5DF630064A2AC /* CoredataTest.swift */ = {isa = PBXFileReference; lastKnownFileType = sourcecode.swift; path = CoredataTest.swift; sourceTree = "<group>"; };
		541068302BE67DEB003FB50F /* ItemStatusView.swift */ = {isa = PBXFileReference; lastKnownFileType = sourcecode.swift; path = ItemStatusView.swift; sourceTree = "<group>"; };
		542E73B12BE9C902001BB72E /* RecipeManager.swift */ = {isa = PBXFileReference; lastKnownFileType = sourcecode.swift; path = RecipeManager.swift; sourceTree = "<group>"; };
		5450BD952BF1F72100DD38CE /* RecipeData.swift */ = {isa = PBXFileReference; lastKnownFileType = sourcecode.swift; path = RecipeData.swift; sourceTree = "<group>"; };
		54A5B6CA2BD5E21000B1F728 /* Application.app */ = {isa = PBXFileReference; explicitFileType = wrapper.application; includeInIndex = 0; path = Application.app; sourceTree = BUILT_PRODUCTS_DIR; };
		54A5B6CD2BD5E21000B1F728 /* ApplicationApp.swift */ = {isa = PBXFileReference; lastKnownFileType = sourcecode.swift; path = ApplicationApp.swift; sourceTree = "<group>"; };
		54A5B6D12BD5E21100B1F728 /* Assets.xcassets */ = {isa = PBXFileReference; lastKnownFileType = folder.assetcatalog; path = Assets.xcassets; sourceTree = "<group>"; };
		54BB69262BE08B5200B9FAF2 /* ItemRow.swift */ = {isa = PBXFileReference; lastKnownFileType = sourcecode.swift; path = ItemRow.swift; sourceTree = "<group>"; };
		54EA64BB2BDE0FBD00812325 /* MainView.swift */ = {isa = PBXFileReference; lastKnownFileType = sourcecode.swift; path = MainView.swift; sourceTree = "<group>"; };
		54EA64BD2BDE0FD600812325 /* MainViewModel.swift */ = {isa = PBXFileReference; lastKnownFileType = sourcecode.swift; path = MainViewModel.swift; sourceTree = "<group>"; };
		54EA64BF2BDE102F00812325 /* AddListView.swift */ = {isa = PBXFileReference; lastKnownFileType = sourcecode.swift; path = AddListView.swift; sourceTree = "<group>"; };
		54EA64C12BDE105B00812325 /* AddListViewModel.swift */ = {isa = PBXFileReference; lastKnownFileType = sourcecode.swift; path = AddListViewModel.swift; sourceTree = "<group>"; };
		54EA64C32BDE1E6F00812325 /* ListItem.swift */ = {isa = PBXFileReference; lastKnownFileType = sourcecode.swift; path = ListItem.swift; sourceTree = "<group>"; };
		54EA64C52BDE33E300812325 /* ModelData.swift */ = {isa = PBXFileReference; lastKnownFileType = sourcecode.swift; path = ModelData.swift; sourceTree = "<group>"; };
		54EA64C72BDE374A00812325 /* ListItemData.json */ = {isa = PBXFileReference; lastKnownFileType = text.json; path = ListItemData.json; sourceTree = "<group>"; };
/* End PBXFileReference section */

/* Begin PBXFrameworksBuildPhase section */
		54A5B6C72BD5E21000B1F728 /* Frameworks */ = {
			isa = PBXFrameworksBuildPhase;
			buildActionMask = 2147483647;
			files = (
			);
			runOnlyForDeploymentPostprocessing = 0;
		};
/* End PBXFrameworksBuildPhase section */

/* Begin PBXGroup section */
		2981B01C2BF5C90B0064A2AC /* CoreData */ = {
			isa = PBXGroup;
			children = (
				2981B0132BF5C2BD0064A2AC /* ListItemModel.xcdatamodeld */,
				2981B0162BF5C3340064A2AC /* DataController.swift */,
				2981B0222BF5CC050064A2AC /* ListItem+CoreDataProperties.swift */,
				2981B0212BF5CC050064A2AC /* ListItem+CoreDataClass.swift */,
				2981B0252BF5DF630064A2AC /* CoredataTest.swift */,
			);
			path = CoreData;
			sourceTree = "<group>";
		};
		54A5B6C12BD5E21000B1F728 = {
			isa = PBXGroup;
			children = (
				54A5B6CC2BD5E21000B1F728 /* Application */,
				54A5B6CB2BD5E21000B1F728 /* Products */,
			);
			sourceTree = "<group>";
		};
		54A5B6CB2BD5E21000B1F728 /* Products */ = {
			isa = PBXGroup;
			children = (
				54A5B6CA2BD5E21000B1F728 /* Application.app */,
			);
			name = Products;
			sourceTree = "<group>";
		};
		54A5B6CC2BD5E21000B1F728 /* Application */ = {
			isa = PBXGroup;
			children = (
				54A5B6CD2BD5E21000B1F728 /* ApplicationApp.swift */,
				54A5B6D12BD5E21100B1F728 /* Assets.xcassets */,
				54A5B6D32BD5E21100B1F728 /* Preview Content */,
				54EA64BB2BDE0FBD00812325 /* MainView.swift */,
				54EA64BD2BDE0FD600812325 /* MainViewModel.swift */,
				54BB69262BE08B5200B9FAF2 /* ItemRow.swift */,
				54EA64BF2BDE102F00812325 /* AddListView.swift */,
				54EA64C12BDE105B00812325 /* AddListViewModel.swift */,
				541068302BE67DEB003FB50F /* ItemStatusView.swift */,
				542E73B12BE9C902001BB72E /* RecipeManager.swift */,
				2981B01C2BF5C90B0064A2AC /* CoreData */,
				54EA64CA2BDE383700812325 /* Model */,
				54EA64C92BDE37E600812325 /* Resources */,
			);
			path = Application;
			sourceTree = "<group>";
		};
		54A5B6D32BD5E21100B1F728 /* Preview Content */ = {
			isa = PBXGroup;
			children = (
			);
			path = "Preview Content";
			sourceTree = "<group>";
		};
		54EA64C92BDE37E600812325 /* Resources */ = {
			isa = PBXGroup;
			children = (
				54EA64C72BDE374A00812325 /* ListItemData.json */,
			);
			path = Resources;
			sourceTree = "<group>";
		};
		54EA64CA2BDE383700812325 /* Model */ = {
			isa = PBXGroup;
			children = (
				28EFC96B2BF0B003003E5D8A /* DateModel.swift */,
				54EA64C32BDE1E6F00812325 /* ListItem.swift */,
				54EA64C52BDE33E300812325 /* ModelData.swift */,
				5450BD952BF1F72100DD38CE /* RecipeData.swift */,
			);
			path = Model;
			sourceTree = "<group>";
		};
/* End PBXGroup section */

/* Begin PBXNativeTarget section */
		54A5B6C92BD5E21000B1F728 /* Application */ = {
			isa = PBXNativeTarget;
			buildConfigurationList = 54A5B6D82BD5E21100B1F728 /* Build configuration list for PBXNativeTarget "Application" */;
			buildPhases = (
				54A5B6C62BD5E21000B1F728 /* Sources */,
				54A5B6C72BD5E21000B1F728 /* Frameworks */,
				54A5B6C82BD5E21000B1F728 /* Resources */,
			);
			buildRules = (
			);
			dependencies = (
			);
			name = Application;
			productName = Application;
			productReference = 54A5B6CA2BD5E21000B1F728 /* Application.app */;
			productType = "com.apple.product-type.application";
		};
/* End PBXNativeTarget section */

/* Begin PBXProject section */
		54A5B6C22BD5E21000B1F728 /* Project object */ = {
			isa = PBXProject;
			attributes = {
				BuildIndependentTargetsInParallel = 1;
				LastSwiftUpdateCheck = 1530;
				LastUpgradeCheck = 1530;
				TargetAttributes = {
					54A5B6C92BD5E21000B1F728 = {
						CreatedOnToolsVersion = 15.3;
					};
				};
			};
			buildConfigurationList = 54A5B6C52BD5E21000B1F728 /* Build configuration list for PBXProject "Application" */;
			compatibilityVersion = "Xcode 14.0";
			developmentRegion = en;
			hasScannedForEncodings = 0;
			knownRegions = (
				en,
				Base,
			);
			mainGroup = 54A5B6C12BD5E21000B1F728;
			productRefGroup = 54A5B6CB2BD5E21000B1F728 /* Products */;
			projectDirPath = "";
			projectRoot = "";
			targets = (
				54A5B6C92BD5E21000B1F728 /* Application */,
			);
		};
/* End PBXProject section */

/* Begin PBXResourcesBuildPhase section */
		54A5B6C82BD5E21000B1F728 /* Resources */ = {
			isa = PBXResourcesBuildPhase;
			buildActionMask = 2147483647;
			files = (
				54EA64C82BDE374A00812325 /* ListItemData.json in Resources */,
				54A5B6D22BD5E21100B1F728 /* Assets.xcassets in Resources */,
			);
			runOnlyForDeploymentPostprocessing = 0;
		};
/* End PBXResourcesBuildPhase section */

/* Begin PBXSourcesBuildPhase section */
		54A5B6C62BD5E21000B1F728 /* Sources */ = {
			isa = PBXSourcesBuildPhase;
			buildActionMask = 2147483647;
			files = (
				54EA64C42BDE1E6F00812325 /* ListItem.swift in Sources */,
				542E73B22BE9C902001BB72E /* RecipeManager.swift in Sources */,
				2981B0232BF5CC050064A2AC /* ListItem+CoreDataClass.swift in Sources */,
				2981B0242BF5CC050064A2AC /* ListItem+CoreDataProperties.swift in Sources */,
				54EA64C22BDE105B00812325 /* AddListViewModel.swift in Sources */,
				541068312BE67DEB003FB50F /* ItemStatusView.swift in Sources */,
				54EA64BC2BDE0FBD00812325 /* MainView.swift in Sources */,
				2981B0262BF5DF630064A2AC /* CoredataTest.swift in Sources */,
				54A5B6CE2BD5E21000B1F728 /* ApplicationApp.swift in Sources */,
				54EA64BE2BDE0FD600812325 /* MainViewModel.swift in Sources */,
				2981B0172BF5C3340064A2AC /* DataController.swift in Sources */,
				28EFC96C2BF0B003003E5D8A /* DateModel.swift in Sources */,
				54EA64C02BDE102F00812325 /* AddListView.swift in Sources */,
				54EA64C62BDE33E300812325 /* ModelData.swift in Sources */,
				5450BD962BF1F72100DD38CE /* RecipeData.swift in Sources */,
				2981B0152BF5C2BD0064A2AC /* ListItemModel.xcdatamodeld in Sources */,
				54BB69272BE08B5200B9FAF2 /* ItemRow.swift in Sources */,
			);
			runOnlyForDeploymentPostprocessing = 0;
		};
/* End PBXSourcesBuildPhase section */

/* Begin XCBuildConfiguration section */
		54A5B6D62BD5E21100B1F728 /* Debug */ = {
			isa = XCBuildConfiguration;
			buildSettings = {
				ALWAYS_SEARCH_USER_PATHS = NO;
				ASSETCATALOG_COMPILER_GENERATE_SWIFT_ASSET_SYMBOL_EXTENSIONS = YES;
				CLANG_ANALYZER_NONNULL = YES;
				CLANG_ANALYZER_NUMBER_OBJECT_CONVERSION = YES_AGGRESSIVE;
				CLANG_CXX_LANGUAGE_STANDARD = "gnu++20";
				CLANG_ENABLE_MODULES = YES;
				CLANG_ENABLE_OBJC_ARC = YES;
				CLANG_ENABLE_OBJC_WEAK = YES;
				CLANG_WARN_BLOCK_CAPTURE_AUTORELEASING = YES;
				CLANG_WARN_BOOL_CONVERSION = YES;
				CLANG_WARN_COMMA = YES;
				CLANG_WARN_CONSTANT_CONVERSION = YES;
				CLANG_WARN_DEPRECATED_OBJC_IMPLEMENTATIONS = YES;
				CLANG_WARN_DIRECT_OBJC_ISA_USAGE = YES_ERROR;
				CLANG_WARN_DOCUMENTATION_COMMENTS = YES;
				CLANG_WARN_EMPTY_BODY = YES;
				CLANG_WARN_ENUM_CONVERSION = YES;
				CLANG_WARN_INFINITE_RECURSION = YES;
				CLANG_WARN_INT_CONVERSION = YES;
				CLANG_WARN_NON_LITERAL_NULL_CONVERSION = YES;
				CLANG_WARN_OBJC_IMPLICIT_RETAIN_SELF = YES;
				CLANG_WARN_OBJC_LITERAL_CONVERSION = YES;
				CLANG_WARN_OBJC_ROOT_CLASS = YES_ERROR;
				CLANG_WARN_QUOTED_INCLUDE_IN_FRAMEWORK_HEADER = YES;
				CLANG_WARN_RANGE_LOOP_ANALYSIS = YES;
				CLANG_WARN_STRICT_PROTOTYPES = YES;
				CLANG_WARN_SUSPICIOUS_MOVE = YES;
				CLANG_WARN_UNGUARDED_AVAILABILITY = YES_AGGRESSIVE;
				CLANG_WARN_UNREACHABLE_CODE = YES;
				CLANG_WARN__DUPLICATE_METHOD_MATCH = YES;
				COPY_PHASE_STRIP = NO;
				DEBUG_INFORMATION_FORMAT = dwarf;
				ENABLE_STRICT_OBJC_MSGSEND = YES;
				ENABLE_TESTABILITY = YES;
				ENABLE_USER_SCRIPT_SANDBOXING = YES;
				GCC_C_LANGUAGE_STANDARD = gnu17;
				GCC_DYNAMIC_NO_PIC = NO;
				GCC_NO_COMMON_BLOCKS = YES;
				GCC_OPTIMIZATION_LEVEL = 0;
				GCC_PREPROCESSOR_DEFINITIONS = (
					"DEBUG=1",
					"$(inherited)",
				);
				GCC_WARN_64_TO_32_BIT_CONVERSION = YES;
				GCC_WARN_ABOUT_RETURN_TYPE = YES_ERROR;
				GCC_WARN_UNDECLARED_SELECTOR = YES;
				GCC_WARN_UNINITIALIZED_AUTOS = YES_AGGRESSIVE;
				GCC_WARN_UNUSED_FUNCTION = YES;
				GCC_WARN_UNUSED_VARIABLE = YES;
				IPHONEOS_DEPLOYMENT_TARGET = 17.4;
				LOCALIZATION_PREFERS_STRING_CATALOGS = YES;
				MTL_ENABLE_DEBUG_INFO = INCLUDE_SOURCE;
				MTL_FAST_MATH = YES;
				ONLY_ACTIVE_ARCH = YES;
				SDKROOT = iphoneos;
				SWIFT_ACTIVE_COMPILATION_CONDITIONS = "DEBUG $(inherited)";
				SWIFT_OPTIMIZATION_LEVEL = "-Onone";
			};
			name = Debug;
		};
		54A5B6D72BD5E21100B1F728 /* Release */ = {
			isa = XCBuildConfiguration;
			buildSettings = {
				ALWAYS_SEARCH_USER_PATHS = NO;
				ASSETCATALOG_COMPILER_GENERATE_SWIFT_ASSET_SYMBOL_EXTENSIONS = YES;
				CLANG_ANALYZER_NONNULL = YES;
				CLANG_ANALYZER_NUMBER_OBJECT_CONVERSION = YES_AGGRESSIVE;
				CLANG_CXX_LANGUAGE_STANDARD = "gnu++20";
				CLANG_ENABLE_MODULES = YES;
				CLANG_ENABLE_OBJC_ARC = YES;
				CLANG_ENABLE_OBJC_WEAK = YES;
				CLANG_WARN_BLOCK_CAPTURE_AUTORELEASING = YES;
				CLANG_WARN_BOOL_CONVERSION = YES;
				CLANG_WARN_COMMA = YES;
				CLANG_WARN_CONSTANT_CONVERSION = YES;
				CLANG_WARN_DEPRECATED_OBJC_IMPLEMENTATIONS = YES;
				CLANG_WARN_DIRECT_OBJC_ISA_USAGE = YES_ERROR;
				CLANG_WARN_DOCUMENTATION_COMMENTS = YES;
				CLANG_WARN_EMPTY_BODY = YES;
				CLANG_WARN_ENUM_CONVERSION = YES;
				CLANG_WARN_INFINITE_RECURSION = YES;
				CLANG_WARN_INT_CONVERSION = YES;
				CLANG_WARN_NON_LITERAL_NULL_CONVERSION = YES;
				CLANG_WARN_OBJC_IMPLICIT_RETAIN_SELF = YES;
				CLANG_WARN_OBJC_LITERAL_CONVERSION = YES;
				CLANG_WARN_OBJC_ROOT_CLASS = YES_ERROR;
				CLANG_WARN_QUOTED_INCLUDE_IN_FRAMEWORK_HEADER = YES;
				CLANG_WARN_RANGE_LOOP_ANALYSIS = YES;
				CLANG_WARN_STRICT_PROTOTYPES = YES;
				CLANG_WARN_SUSPICIOUS_MOVE = YES;
				CLANG_WARN_UNGUARDED_AVAILABILITY = YES_AGGRESSIVE;
				CLANG_WARN_UNREACHABLE_CODE = YES;
				CLANG_WARN__DUPLICATE_METHOD_MATCH = YES;
				COPY_PHASE_STRIP = NO;
				DEBUG_INFORMATION_FORMAT = "dwarf-with-dsym";
				ENABLE_NS_ASSERTIONS = NO;
				ENABLE_STRICT_OBJC_MSGSEND = YES;
				ENABLE_USER_SCRIPT_SANDBOXING = YES;
				GCC_C_LANGUAGE_STANDARD = gnu17;
				GCC_NO_COMMON_BLOCKS = YES;
				GCC_WARN_64_TO_32_BIT_CONVERSION = YES;
				GCC_WARN_ABOUT_RETURN_TYPE = YES_ERROR;
				GCC_WARN_UNDECLARED_SELECTOR = YES;
				GCC_WARN_UNINITIALIZED_AUTOS = YES_AGGRESSIVE;
				GCC_WARN_UNUSED_FUNCTION = YES;
				GCC_WARN_UNUSED_VARIABLE = YES;
				IPHONEOS_DEPLOYMENT_TARGET = 17.4;
				LOCALIZATION_PREFERS_STRING_CATALOGS = YES;
				MTL_ENABLE_DEBUG_INFO = NO;
				MTL_FAST_MATH = YES;
				SDKROOT = iphoneos;
				SWIFT_COMPILATION_MODE = wholemodule;
				VALIDATE_PRODUCT = YES;
			};
			name = Release;
		};
		54A5B6D92BD5E21100B1F728 /* Debug */ = {
			isa = XCBuildConfiguration;
			buildSettings = {
				ASSETCATALOG_COMPILER_APPICON_NAME = AppIcon;
				ASSETCATALOG_COMPILER_GLOBAL_ACCENT_COLOR_NAME = AccentColor;
				CODE_SIGN_STYLE = Automatic;
				CURRENT_PROJECT_VERSION = 1;
				DEVELOPMENT_ASSET_PATHS = "\"Application/Preview Content\"";
				ENABLE_PREVIEWS = YES;
				GENERATE_INFOPLIST_FILE = YES;
				INFOPLIST_KEY_UIApplicationSceneManifest_Generation = YES;
				INFOPLIST_KEY_UIApplicationSupportsIndirectInputEvents = YES;
				INFOPLIST_KEY_UILaunchScreen_Generation = YES;
				INFOPLIST_KEY_UISupportedInterfaceOrientations_iPad = "UIInterfaceOrientationPortrait UIInterfaceOrientationPortraitUpsideDown UIInterfaceOrientationLandscapeLeft UIInterfaceOrientationLandscapeRight";
				INFOPLIST_KEY_UISupportedInterfaceOrientations_iPhone = "UIInterfaceOrientationPortrait UIInterfaceOrientationLandscapeLeft UIInterfaceOrientationLandscapeRight";
				LD_RUNPATH_SEARCH_PATHS = (
					"$(inherited)",
					"@executable_path/Frameworks",
				);
				MARKETING_VERSION = 1.0;
				PRODUCT_BUNDLE_IDENTIFIER = au.edu.uts.Application;
				PRODUCT_NAME = "$(TARGET_NAME)";
				SWIFT_EMIT_LOC_STRINGS = YES;
				SWIFT_VERSION = 5.0;
				TARGETED_DEVICE_FAMILY = "1,2";
			};
			name = Debug;
		};
		54A5B6DA2BD5E21100B1F728 /* Release */ = {
			isa = XCBuildConfiguration;
			buildSettings = {
				ASSETCATALOG_COMPILER_APPICON_NAME = AppIcon;
				ASSETCATALOG_COMPILER_GLOBAL_ACCENT_COLOR_NAME = AccentColor;
				CODE_SIGN_STYLE = Automatic;
				CURRENT_PROJECT_VERSION = 1;
				DEVELOPMENT_ASSET_PATHS = "\"Application/Preview Content\"";
				ENABLE_PREVIEWS = YES;
				GENERATE_INFOPLIST_FILE = YES;
				INFOPLIST_KEY_UIApplicationSceneManifest_Generation = YES;
				INFOPLIST_KEY_UIApplicationSupportsIndirectInputEvents = YES;
				INFOPLIST_KEY_UILaunchScreen_Generation = YES;
				INFOPLIST_KEY_UISupportedInterfaceOrientations_iPad = "UIInterfaceOrientationPortrait UIInterfaceOrientationPortraitUpsideDown UIInterfaceOrientationLandscapeLeft UIInterfaceOrientationLandscapeRight";
				INFOPLIST_KEY_UISupportedInterfaceOrientations_iPhone = "UIInterfaceOrientationPortrait UIInterfaceOrientationLandscapeLeft UIInterfaceOrientationLandscapeRight";
				LD_RUNPATH_SEARCH_PATHS = (
					"$(inherited)",
					"@executable_path/Frameworks",
				);
				MARKETING_VERSION = 1.0;
				PRODUCT_BUNDLE_IDENTIFIER = au.edu.uts.Application;
				PRODUCT_NAME = "$(TARGET_NAME)";
				SWIFT_EMIT_LOC_STRINGS = YES;
				SWIFT_VERSION = 5.0;
				TARGETED_DEVICE_FAMILY = "1,2";
			};
			name = Release;
		};
/* End XCBuildConfiguration section */

/* Begin XCConfigurationList section */
		54A5B6C52BD5E21000B1F728 /* Build configuration list for PBXProject "Application" */ = {
			isa = XCConfigurationList;
			buildConfigurations = (
				54A5B6D62BD5E21100B1F728 /* Debug */,
				54A5B6D72BD5E21100B1F728 /* Release */,
			);
			defaultConfigurationIsVisible = 0;
			defaultConfigurationName = Release;
		};
		54A5B6D82BD5E21100B1F728 /* Build configuration list for PBXNativeTarget "Application" */ = {
			isa = XCConfigurationList;
			buildConfigurations = (
				54A5B6D92BD5E21100B1F728 /* Debug */,
				54A5B6DA2BD5E21100B1F728 /* Release */,
			);
			defaultConfigurationIsVisible = 0;
			defaultConfigurationName = Release;
		};
/* End XCConfigurationList section */

/* Begin XCVersionGroup section */
		2981B0132BF5C2BD0064A2AC /* ListItemModel.xcdatamodeld */ = {
			isa = XCVersionGroup;
			children = (
				2981B0142BF5C2BD0064A2AC /* ListItemModel.xcdatamodel */,
			);
			currentVersion = 2981B0142BF5C2BD0064A2AC /* ListItemModel.xcdatamodel */;
			path = ListItemModel.xcdatamodeld;
			sourceTree = "<group>";
			versionGroupType = wrapper.xcdatamodel;
		};
/* End XCVersionGroup section */
	};
	rootObject = 54A5B6C22BD5E21000B1F728 /* Project object */;
}
